
Microsoft Visual Studio Solution File, Format Version 12.00
# Visual Studio Version 17
VisualStudioVersion = 17.7.34031.279
MinimumVisualStudioVersion = 10.0.40219.1
Project("{FAE04EC0-301F-11D3-BF4B-00C04F79EFBC}") = "Spectral_Dist_To_Point", "Spectral_Dist_To_Point\Spectral_Dist_To_Point.csproj", "{B949DF01-DBCD-42DD-A9C0-0F10C1EEEEBA}"
EndProject
Global
	GlobalSection(SolutionConfigurationPlatforms) = preSolution
		Debug|Any CPU = Debug|Any CPU
		Release|Any CPU = Release|Any CPU
	EndGlobalSection
	GlobalSection(ProjectConfigurationPlatforms) = postSolution
		{B949DF01-DBCD-42DD-A9C0-0F10C1EEEEBA}.Debug|Any CPU.ActiveCfg = Debug|Any CPU
		{B949DF01-DBCD-42DD-A9C0-0F10C1EEEEBA}.Debug|Any CPU.Build.0 = Debug|Any CPU
		{B949DF01-DBCD-42DD-A9C0-0F10C1EEEEBA}.Release|Any CPU.ActiveCfg = Release|Any CPU
		{B949DF01-DBCD-42DD-A9C0-0F10C1EEEEBA}.Release|Any CPU.Build.0 = Release|Any CPU
	EndGlobalSection
	GlobalSection(SolutionProperties) = preSolution
		HideSolutionNode = FALSE
	EndGlobalSection
	GlobalSection(ExtensibilityGlobals) = postSolution
		SolutionGuid = {A4A06F90-2B6F-48F3-AB2E-51E14D060100}
	EndGlobalSection
EndGlobal
